// !$*UTF8*$!
{
	archiveVersion = 1;
	classes = {
	};
	objectVersion = 46;
	objects = {

/* Begin PBXBuildFile section */
		10535FA21C05D2E500B0A537 /* main.m in Sources */ = {isa = PBXBuildFile; fileRef = 10535FA11C05D2E500B0A537 /* main.m */; };
		10535FA51C05D2E500B0A537 /* AppDelegate.m in Sources */ = {isa = PBXBuildFile; fileRef = 10535FA41C05D2E500B0A537 /* AppDelegate.m */; };
		10535FA81C05D2E500B0A537 /* ViewController.m in Sources */ = {isa = PBXBuildFile; fileRef = 10535FA71C05D2E500B0A537 /* ViewController.m */; };
		10535FAB1C05D2E500B0A537 /* Main.storyboard in Resources */ = {isa = PBXBuildFile; fileRef = 10535FA91C05D2E500B0A537 /* Main.storyboard */; };
		10535FAD1C05D2E500B0A537 /* Assets.xcassets in Resources */ = {isa = PBXBuildFile; fileRef = 10535FAC1C05D2E500B0A537 /* Assets.xcassets */; };
		10535FB01C05D2E500B0A537 /* LaunchScreen.storyboard in Resources */ = {isa = PBXBuildFile; fileRef = 10535FAE1C05D2E500B0A537 /* LaunchScreen.storyboard */; };
		10535FBB1C05D2E500B0A537 /* My_TextTests.m in Sources */ = {isa = PBXBuildFile; fileRef = 10535FBA1C05D2E500B0A537 /* My_TextTests.m */; };
		10535FC61C05D2E500B0A537 /* My_TextUITests.m in Sources */ = {isa = PBXBuildFile; fileRef = 10535FC51C05D2E500B0A537 /* My_TextUITests.m */; };
/* End PBXBuildFile section */

/* Begin PBXContainerItemProxy section */
		10535FB71C05D2E500B0A537 /* PBXContainerItemProxy */ = {
			isa = PBXContainerItemProxy;
			containerPortal = 10535F951C05D2E500B0A537 /* Project object */;
			proxyType = 1;
			remoteGlobalIDString = 10535F9C1C05D2E500B0A537;
			remoteInfo = "My Text";
		};
		10535FC21C05D2E500B0A537 /* PBXContainerItemProxy */ = {
			isa = PBXContainerItemProxy;
			containerPortal = 10535F951C05D2E500B0A537 /* Project object */;
			proxyType = 1;
			remoteGlobalIDString = 10535F9C1C05D2E500B0A537;
			remoteInfo = "My Text";
		};
/* End PBXContainerItemProxy section */

/* Begin PBXFileReference section */
		10535F9D1C05D2E500B0A537 /* My Text.app */ = {isa = PBXFileReference; explicitFileType = wrapper.application; includeInIndex = 0; path = "My Text.app"; sourceTree = BUILT_PRODUCTS_DIR; };
		10535FA11C05D2E500B0A537 /* main.m */ = {isa = PBXFileReference; lastKnownFileType = sourcecode.c.objc; path = main.m; sourceTree = "<group>"; };
		10535FA31C05D2E500B0A537 /* AppDelegate.h */ = {isa = PBXFileReference; lastKnownFileType = sourcecode.c.h; path = AppDelegate.h; sourceTree = "<group>"; };
		10535FA41C05D2E500B0A537 /* AppDelegate.m */ = {isa = PBXFileReference; lastKnownFileType = sourcecode.c.objc; path = AppDelegate.m; sourceTree = "<group>"; };
		10535FA61C05D2E500B0A537 /* ViewController.h */ = {isa = PBXFileReference; lastKnownFileType = sourcecode.c.h; path = ViewController.h; sourceTree = "<group>"; };
		10535FA71C05D2E500B0A537 /* ViewController.m */ = {isa = PBXFileReference; lastKnownFileType = sourcecode.c.objc; path = ViewController.m; sourceTree = "<group>"; };
		10535FAA1C05D2E500B0A537 /* Base */ = {isa = PBXFileReference; lastKnownFileType = file.storyboard; name = Base; path = Base.lproj/Main.storyboard; sourceTree = "<group>"; };
		10535FAC1C05D2E500B0A537 /* Assets.xcassets */ = {isa = PBXFileReference; lastKnownFileType = folder.assetcatalog; path = Assets.xcassets; sourceTree = "<group>"; };
		10535FAF1C05D2E500B0A537 /* Base */ = {isa = PBXFileReference; lastKnownFileType = file.storyboard; name = Base; path = Base.lproj/LaunchScreen.storyboard; sourceTree = "<group>"; };
		10535FB11C05D2E500B0A537 /* Info.plist */ = {isa = PBXFileReference; lastKnownFileType = text.plist.xml; path = Info.plist; sourceTree = "<group>"; };
		10535FB61C05D2E500B0A537 /* My TextTests.xctest */ = {isa = PBXFileReference; explicitFileType = wrapper.cfbundle; includeInIndex = 0; path = "My TextTests.xctest"; sourceTree = BUILT_PRODUCTS_DIR; };
		10535FBA1C05D2E500B0A537 /* My_TextTests.m */ = {isa = PBXFileReference; lastKnownFileType = sourcecode.c.objc; path = My_TextTests.m; sourceTree = "<group>"; };
		10535FBC1C05D2E500B0A537 /* Info.plist */ = {isa = PBXFileReference; lastKnownFileType = text.plist.xml; path = Info.plist; sourceTree = "<group>"; };
		10535FC11C05D2E500B0A537 /* My TextUITests.xctest */ = {isa = PBXFileReference; explicitFileType = wrapper.cfbundle; includeInIndex = 0; path = "My TextUITests.xctest"; sourceTree = BUILT_PRODUCTS_DIR; };
		10535FC51C05D2E500B0A537 /* My_TextUITests.m */ = {isa = PBXFileReference; lastKnownFileType = sourcecode.c.objc; path = My_TextUITests.m; sourceTree = "<group>"; };
		10535FC71C05D2E600B0A537 /* Info.plist */ = {isa = PBXFileReference; lastKnownFileType = text.plist.xml; path = Info.plist; sourceTree = "<group>"; };
/* End PBXFileReference section */

/* Begin PBXFrameworksBuildPhase section */
		10535F9A1C05D2E500B0A537 /* Frameworks */ = {
			isa = PBXFrameworksBuildPhase;
			buildActionMask = 2147483647;
			files = (
			);
			runOnlyForDeploymentPostprocessing = 0;
		};
		10535FB31C05D2E500B0A537 /* Frameworks */ = {
			isa = PBXFrameworksBuildPhase;
			buildActionMask = 2147483647;
			files = (
			);
			runOnlyForDeploymentPostprocessing = 0;
		};
		10535FBE1C05D2E500B0A537 /* Frameworks */ = {
			isa = PBXFrameworksBuildPhase;
			buildActionMask = 2147483647;
			files = (
			);
			runOnlyForDeploymentPostprocessing = 0;
		};
/* End PBXFrameworksBuildPhase section */

/* Begin PBXGroup section */
		10535F941C05D2E500B0A537 = {
			isa = PBXGroup;
			children = (
				10535F9F1C05D2E500B0A537 /* My Text */,
				10535FB91C05D2E500B0A537 /* My TextTests */,
				10535FC41C05D2E500B0A537 /* My TextUITests */,
				10535F9E1C05D2E500B0A537 /* Products */,
			);
			sourceTree = "<group>";
		};
		10535F9E1C05D2E500B0A537 /* Products */ = {
			isa = PBXGroup;
			children = (
				10535F9D1C05D2E500B0A537 /* My Text.app */,
				10535FB61C05D2E500B0A537 /* My TextTests.xctest */,
				10535FC11C05D2E500B0A537 /* My TextUITests.xctest */,
			);
			name = Products;
			sourceTree = "<group>";
		};
		10535F9F1C05D2E500B0A537 /* My Text */ = {
			isa = PBXGroup;
			children = (
				10535FA31C05D2E500B0A537 /* AppDelegate.h */,
				10535FA41C05D2E500B0A537 /* AppDelegate.m */,
				10535FA61C05D2E500B0A537 /* ViewController.h */,
				10535FA71C05D2E500B0A537 /* ViewController.m */,
				10535FA91C05D2E500B0A537 /* Main.storyboard */,
				10535FAC1C05D2E500B0A537 /* Assets.xcassets */,
				10535FAE1C05D2E500B0A537 /* LaunchScreen.storyboard */,
				10535FB11C05D2E500B0A537 /* Info.plist */,
				10535FA01C05D2E500B0A537 /* Supporting Files */,
			);
			path = "My Text";
			sourceTree = "<group>";
		};
		10535FA01C05D2E500B0A537 /* Supporting Files */ = {
			isa = PBXGroup;
			children = (
				10535FA11C05D2E500B0A537 /* main.m */,
			);
			name = "Supporting Files";
			sourceTree = "<group>";
		};
		10535FB91C05D2E500B0A537 /* My TextTests */ = {
			isa = PBXGroup;
			children = (
				10535FBA1C05D2E500B0A537 /* My_TextTests.m */,
				10535FBC1C05D2E500B0A537 /* Info.plist */,
			);
			path = "My TextTests";
			sourceTree = "<group>";
		};
		10535FC41C05D2E500B0A537 /* My TextUITests */ = {
			isa = PBXGroup;
			children = (
				10535FC51C05D2E500B0A537 /* My_TextUITests.m */,
				10535FC71C05D2E600B0A537 /* Info.plist */,
			);
			path = "My TextUITests";
			sourceTree = "<group>";
		};
/* End PBXGroup section */

/* Begin PBXNativeTarget section */
		10535F9C1C05D2E500B0A537 /* My Text */ = {
			isa = PBXNativeTarget;
			buildConfigurationList = 10535FCA1C05D2E600B0A537 /* Build configuration list for PBXNativeTarget "My Text" */;
			buildPhases = (
				10535F991C05D2E500B0A537 /* Sources */,
				10535F9A1C05D2E500B0A537 /* Frameworks */,
				10535F9B1C05D2E500B0A537 /* Resources */,
			);
			buildRules = (
			);
			dependencies = (
			);
			name = "My Text";
			productName = "My Text";
			productReference = 10535F9D1C05D2E500B0A537 /* My Text.app */;
			productType = "com.apple.product-type.application";
		};
		10535FB51C05D2E500B0A537 /* My TextTests */ = {
			isa = PBXNativeTarget;
			buildConfigurationList = 10535FCD1C05D2E600B0A537 /* Build configuration list for PBXNativeTarget "My TextTests" */;
			buildPhases = (
				10535FB21C05D2E500B0A537 /* Sources */,
				10535FB31C05D2E500B0A537 /* Frameworks */,
				10535FB41C05D2E500B0A537 /* Resources */,
			);
			buildRules = (
			);
			dependencies = (
				10535FB81C05D2E500B0A537 /* PBXTargetDependency */,
			);
			name = "My TextTests";
			productName = "My TextTests";
			productReference = 10535FB61C05D2E500B0A537 /* My TextTests.xctest */;
			productType = "com.apple.product-type.bundle.unit-test";
		};
		10535FC01C05D2E500B0A537 /* My TextUITests */ = {
			isa = PBXNativeTarget;
			buildConfigurationList = 10535FD01C05D2E600B0A537 /* Build configuration list for PBXNativeTarget "My TextUITests" */;
			buildPhases = (
				10535FBD1C05D2E500B0A537 /* Sources */,
				10535FBE1C05D2E500B0A537 /* Frameworks */,
				10535FBF1C05D2E500B0A537 /* Resources */,
			);
			buildRules = (
			);
			dependencies = (
				10535FC31C05D2E500B0A537 /* PBXTargetDependency */,
			);
			name = "My TextUITests";
			productName = "My TextUITests";
			productReference = 10535FC11C05D2E500B0A537 /* My TextUITests.xctest */;
			productType = "com.apple.product-type.bundle.ui-testing";
		};
/* End PBXNativeTarget section */

/* Begin PBXProject section */
		10535F951C05D2E500B0A537 /* Project object */ = {
			isa = PBXProject;
			attributes = {
				LastUpgradeCheck = 0710;
				ORGANIZATIONNAME = "翟天宇";
				TargetAttributes = {
					10535F9C1C05D2E500B0A537 = {
						CreatedOnToolsVersion = 7.1.1;
					};
					10535FB51C05D2E500B0A537 = {
						CreatedOnToolsVersion = 7.1.1;
						TestTargetID = 10535F9C1C05D2E500B0A537;
					};
					10535FC01C05D2E500B0A537 = {
						CreatedOnToolsVersion = 7.1.1;
						TestTargetID = 10535F9C1C05D2E500B0A537;
					};
				};
			};
			buildConfigurationList = 10535F981C05D2E500B0A537 /* Build configuration list for PBXProject "My Text" */;
			compatibilityVersion = "Xcode 3.2";
			developmentRegion = English;
			hasScannedForEncodings = 0;
			knownRegions = (
				en,
				Base,
			);
			mainGroup = 10535F941C05D2E500B0A537;
			productRefGroup = 10535F9E1C05D2E500B0A537 /* Products */;
			projectDirPath = "";
			projectRoot = "";
			targets = (
				10535F9C1C05D2E500B0A537 /* My Text */,
				10535FB51C05D2E500B0A537 /* My TextTests */,
				10535FC01C05D2E500B0A537 /* My TextUITests */,
			);
		};
/* End PBXProject section */

/* Begin PBXResourcesBuildPhase section */
		10535F9B1C05D2E500B0A537 /* Resources */ = {
			isa = PBXResourcesBuildPhase;
			buildActionMask = 2147483647;
			files = (
				10535FB01C05D2E500B0A537 /* LaunchScreen.storyboard in Resources */,
				10535FAD1C05D2E500B0A537 /* Assets.xcassets in Resources */,
				10535FAB1C05D2E500B0A537 /* Main.storyboard in Resources */,
			);
			runOnlyForDeploymentPostprocessing = 0;
		};
		10535FB41C05D2E500B0A537 /* Resources */ = {
			isa = PBXResourcesBuildPhase;
			buildActionMask = 2147483647;
			files = (
			);
			runOnlyForDeploymentPostprocessing = 0;
		};
		10535FBF1C05D2E500B0A537 /* Resources */ = {
			isa = PBXResourcesBuildPhase;
			buildActionMask = 2147483647;
			files = (
			);
			runOnlyForDeploymentPostprocessing = 0;
		};
/* End PBXResourcesBuildPhase section */

/* Begin PBXSourcesBuildPhase section */
		10535F991C05D2E500B0A537 /* Sources */ = {
			isa = PBXSourcesBuildPhase;
			buildActionMask = 2147483647;
			files = (
				10535FA81C05D2E500B0A537 /* ViewController.m in Sources */,
				10535FA51C05D2E500B0A537 /* AppDelegate.m in Sources */,
				10535FA21C05D2E500B0A537 /* main.m in Sources */,
			);
			runOnlyForDeploymentPostprocessing = 0;
		};
		10535FB21C05D2E500B0A537 /* Sources */ = {
			isa = PBXSourcesBuildPhase;
			buildActionMask = 2147483647;
			files = (
				10535FBB1C05D2E500B0A537 /* My_TextTests.m in Sources */,
			);
			runOnlyForDeploymentPostprocessing = 0;
		};
		10535FBD1C05D2E500B0A537 /* Sources */ = {
			isa = PBXSourcesBuildPhase;
			buildActionMask = 2147483647;
			files = (
				10535FC61C05D2E500B0A537 /* My_TextUITests.m in Sources */,
			);
			runOnlyForDeploymentPostprocessing = 0;
		};
/* End PBXSourcesBuildPhase section */

/* Begin PBXTargetDependency section */
		10535FB81C05D2E500B0A537 /* PBXTargetDependency */ = {
			isa = PBXTargetDependency;
			target = 10535F9C1C05D2E500B0A537 /* My Text */;
			targetProxy = 10535FB71C05D2E500B0A537 /* PBXContainerItemProxy */;
		};
		10535FC31C05D2E500B0A537 /* PBXTargetDependency */ = {
			isa = PBXTargetDependency;
			target = 10535F9C1C05D2E500B0A537 /* My Text */;
			targetProxy = 10535FC21C05D2E500B0A537 /* PBXContainerItemProxy */;
		};
/* End PBXTargetDependency section */

/* Begin PBXVariantGroup section */
		10535FA91C05D2E500B0A537 /* Main.storyboard */ = {
			isa = PBXVariantGroup;
			children = (
				10535FAA1C05D2E500B0A537 /* Base */,
			);
			name = Main.storyboard;
			sourceTree = "<group>";
		};
		10535FAE1C05D2E500B0A537 /* LaunchScreen.storyboard */ = {
			isa = PBXVariantGroup;
			children = (
				10535FAF1C05D2E500B0A537 /* Base */,
			);
			name = LaunchScreen.storyboard;
			sourceTree = "<group>";
		};
/* End PBXVariantGroup section */

/* Begin XCBuildConfiguration section */
		10535FC81C05D2E600B0A537 /* Debug */ = {
			isa = XCBuildConfiguration;
			buildSettings = {
				ALWAYS_SEARCH_USER_PATHS = NO;
				CLANG_CXX_LANGUAGE_STANDARD = "gnu++0x";
				CLANG_CXX_LIBRARY = "libc++";
				CLANG_ENABLE_MODULES = YES;
				CLANG_ENABLE_OBJC_ARC = YES;
				CLANG_WARN_BOOL_CONVERSION = YES;
				CLANG_WARN_CONSTANT_CONVERSION = YES;
				CLANG_WARN_DIRECT_OBJC_ISA_USAGE = YES_ERROR;
				CLANG_WARN_EMPTY_BODY = YES;
				CLANG_WARN_ENUM_CONVERSION = YES;
				CLANG_WARN_INT_CONVERSION = YES;
				CLANG_WARN_OBJC_ROOT_CLASS = YES_ERROR;
				CLANG_WARN_UNREACHABLE_CODE = YES;
				CLANG_WARN__DUPLICATE_METHOD_MATCH = YES;
				"CODE_SIGN_IDENTITY[sdk=iphoneos*]" = "iPhone Developer";
				COPY_PHASE_STRIP = NO;
				DEBUG_INFORMATION_FORMAT = dwarf;
				ENABLE_STRICT_OBJC_MSGSEND = YES;
				ENABLE_TESTABILITY = YES;
				GCC_C_LANGUAGE_STANDARD = gnu99;
				GCC_DYNAMIC_NO_PIC = NO;
				GCC_NO_COMMON_BLOCKS = YES;
				GCC_OPTIMIZATION_LEVEL = 0;
				GCC_PREPROCESSOR_DEFINITIONS = (
					"DEBUG=1",
					"$(inherited)",
				);
				GCC_WARN_64_TO_32_BIT_CONVERSION = YES;
				GCC_WARN_ABOUT_RETURN_TYPE = YES_ERROR;
				GCC_WARN_UNDECLARED_SELECTOR = YES;
				GCC_WARN_UNINITIALIZED_AUTOS = YES_AGGRESSIVE;
				GCC_WARN_UNUSED_FUNCTION = YES;
				GCC_WARN_UNUSED_VARIABLE = YES;
				IPHONEOS_DEPLOYMENT_TARGET = 9.1;
				MTL_ENABLE_DEBUG_INFO = YES;
				ONLY_ACTIVE_ARCH = YES;
				SDKROOT = iphoneos;
				TARGETED_DEVICE_FAMILY = "1,2";
			};
			name = Debug;
		};
		10535FC91C05D2E600B0A537 /* Release */ = {
			isa = XCBuildConfiguration;
			buildSettings = {
				ALWAYS_SEARCH_USER_PATHS = NO;
				CLANG_CXX_LANGUAGE_STANDARD = "gnu++0x";
				CLANG_CXX_LIBRARY = "libc++";
				CLANG_ENABLE_MODULES = YES;
				CLANG_ENABLE_OBJC_ARC = YES;
				CLANG_WARN_BOOL_CONVERSION = YES;
				CLANG_WARN_CONSTANT_CONVERSION = YES;
				CLANG_WARN_DIRECT_OBJC_ISA_USAGE = YES_ERROR;
				CLANG_WARN_EMPTY_BODY = YES;
				CLANG_WARN_ENUM_CONVERSION = YES;
				CLANG_WARN_INT_CONVERSION = YES;
				CLANG_WARN_OBJC_ROOT_CLASS = YES_ERROR;
				CLANG_WARN_UNREACHABLE_CODE = YES;
				CLANG_WARN__DUPLICATE_METHOD_MATCH = YES;
				"CODE_SIGN_IDENTITY[sdk=iphoneos*]" = "iPhone Developer";
				COPY_PHASE_STRIP = NO;
				DEBUG_INFORMATION_FORMAT = "dwarf-with-dsym";
				ENABLE_NS_ASSERTIONS = NO;
				ENABLE_STRICT_OBJC_MSGSEND = YES;
				GCC_C_LANGUAGE_STANDARD = gnu99;
				GCC_NO_COMMON_BLOCKS = YES;
				GCC_WARN_64_TO_32_BIT_CONVERSION = YES;
				GCC_WARN_ABOUT_RETURN_TYPE = YES_ERROR;
				GCC_WARN_UNDECLARED_SELECTOR = YES;
				GCC_WARN_UNINITIALIZED_AUTOS = YES_AGGRESSIVE;
				GCC_WARN_UNUSED_FUNCTION = YES;
				GCC_WARN_UNUSED_VARIABLE = YES;
				IPHONEOS_DEPLOYMENT_TARGET = 9.1;
				MTL_ENABLE_DEBUG_INFO = NO;
				SDKROOT = iphoneos;
				TARGETED_DEVICE_FAMILY = "1,2";
				VALIDATE_PRODUCT = YES;
			};
			name = Release;
		};
		10535FCB1C05D2E600B0A537 /* Debug */ = {
			isa = XCBuildConfiguration;
			buildSettings = {
				ASSETCATALOG_COMPILER_APPICON_NAME = AppIcon;
				INFOPLIST_FILE = "My Text/Info.plist";
				LD_RUNPATH_SEARCH_PATHS = "$(inherited) @executable_path/Frameworks";
				PRODUCT_BUNDLE_IDENTIFIER = "zty.My-Text";
				PRODUCT_NAME = "$(TARGET_NAME)";
			};
			name = Debug;
		};
		10535FCC1C05D2E600B0A537 /* Release */ = {
			isa = XCBuildConfiguration;
			buildSettings = {
				ASSETCATALOG_COMPILER_APPICON_NAME = AppIcon;
				INFOPLIST_FILE = "My Text/Info.plist";
				LD_RUNPATH_SEARCH_PATHS = "$(inherited) @executable_path/Frameworks";
				PRODUCT_BUNDLE_IDENTIFIER = "zty.My-Text";
				PRODUCT_NAME = "$(TARGET_NAME)";
			};
			name = Release;
		};
		10535FCE1C05D2E600B0A537 /* Debug */ = {
			isa = XCBuildConfiguration;
			buildSettings = {
				BUNDLE_LOADER = "$(TEST_HOST)";
				INFOPLIST_FILE = "My TextTests/Info.plist";
				LD_RUNPATH_SEARCH_PATHS = "$(inherited) @executable_path/Frameworks @loader_path/Frameworks";
				PRODUCT_BUNDLE_IDENTIFIER = "zty.My-TextTests";
				PRODUCT_NAME = "$(TARGET_NAME)";
				TEST_HOST = "$(BUILT_PRODUCTS_DIR)/My Text.app/My Text";
			};
			name = Debug;
		};
		10535FCF1C05D2E600B0A537 /* Release */ = {
			isa = XCBuildConfiguration;
			buildSettings = {
				BUNDLE_LOADER = "$(TEST_HOST)";
				INFOPLIST_FILE = "My TextTests/Info.plist";
				LD_RUNPATH_SEARCH_PATHS = "$(inherited) @executable_path/Frameworks @loader_path/Frameworks";
				PRODUCT_BUNDLE_IDENTIFIER = "zty.My-TextTests";
				PRODUCT_NAME = "$(TARGET_NAME)";
				TEST_HOST = "$(BUILT_PRODUCTS_DIR)/My Text.app/My Text";
			};
			name = Release;
		};
		10535FD11C05D2E600B0A537 /* Debug */ = {
			isa = XCBuildConfiguration;
			buildSettings = {
				INFOPLIST_FILE = "My TextUITests/Info.plist";
				LD_RUNPATH_SEARCH_PATHS = "$(inherited) @executable_path/Frameworks @loader_path/Frameworks";
				PRODUCT_BUNDLE_IDENTIFIER = "zty.My-TextUITests";
				PRODUCT_NAME = "$(TARGET_NAME)";
				TEST_TARGET_NAME = "My Text";
				USES_XCTRUNNER = YES;
			};
			name = Debug;
		};
		10535FD21C05D2E600B0A537 /* Release */ = {
			isa = XCBuildConfiguration;
			buildSettings = {
				INFOPLIST_FILE = "My TextUITests/Info.plist";
				LD_RUNPATH_SEARCH_PATHS = "$(inherited) @executable_path/Frameworks @loader_path/Frameworks";
				PRODUCT_BUNDLE_IDENTIFIER = "zty.My-TextUITests";
				PRODUCT_NAME = "$(TARGET_NAME)";
				TEST_TARGET_NAME = "My Text";
				USES_XCTRUNNER = YES;
			};
			name = Release;
		};
/* End XCBuildConfiguration section */

/* Begin XCConfigurationList section */
		10535F981C05D2E500B0A537 /* Build configuration list for PBXProject "My Text" */ = {
			isa = XCConfigurationList;
			buildConfigurations = (
				10535FC81C05D2E600B0A537 /* Debug */,
				10535FC91C05D2E600B0A537 /* Release */,
			);
			defaultConfigurationIsVisible = 0;
			defaultConfigurationName = Release;
		};
		10535FCA1C05D2E600B0A537 /* Build configuration list for PBXNativeTarget "My Text" */ = {
			isa = XCConfigurationList;
			buildConfigurations = (
				10535FCB1C05D2E600B0A537 /* Debug */,
				10535FCC1C05D2E600B0A537 /* Release */,
			);
			defaultConfigurationIsVisible = 0;
		};
		10535FCD1C05D2E600B0A537 /* Build configuration list for PBXNativeTarget "My TextTests" */ = {
			isa = XCConfigurationList;
			buildConfigurations = (
				10535FCE1C05D2E600B0A537 /* Debug */,
				10535FCF1C05D2E600B0A537 /* Release */,
			);
			defaultConfigurationIsVisible = 0;
		};
		10535FD01C05D2E600B0A537 /* Build configuration list for PBXNativeTarget "My TextUITests" */ = {
			isa = XCConfigurationList;
			buildConfigurations = (
				10535FD11C05D2E600B0A537 /* Debug */,
				10535FD21C05D2E600B0A537 /* Release */,
			);
			defaultConfigurationIsVisible = 0;
		};
/* End XCConfigurationList section */
	};
	rootObject = 10535F951C05D2E500B0A537 /* Project object */;
}
